
Microsoft Visual Studio Solution File, Format Version 12.00
# Visual Studio Version 17
VisualStudioVersion = 17.0.32014.148
MinimumVisualStudioVersion = 10.0.40219.1
Project("{9A19103F-16F7-4668-BE54-9A1E7A4F7556}") = "Nulah.PhantomIndex.Core", "Nulah.PhantomIndex.Core\Nulah.PhantomIndex.Core.csproj", "{32166198-88E2-4374-8C90-EB8BE083CCA7}"
EndProject
Project("{9A19103F-16F7-4668-BE54-9A1E7A4F7556}") = "Nulah.PhantomIndex.WPF", "Nulah.PhantomIndex.WPF\Nulah.PhantomIndex.WPF.csproj", "{7CB15CF8-A1AB-4FCA-AF0E-FA2CABF15B20}"
EndProject
Project("{FAE04EC0-301F-11D3-BF4B-00C04F79EFBC}") = "Nulah.PhantomIndex.Lib", "Nulah.PhantomIndex.Lib\Nulah.PhantomIndex.Lib.csproj", "{CA977F4D-80CD-4632-A44F-08CEB8AB8C48}"
EndProject
Global
	GlobalSection(SolutionConfigurationPlatforms) = preSolution
		Debug|Any CPU = Debug|Any CPU
		Debug|ARM = Debug|ARM
		Debug|ARM64 = Debug|ARM64
		Debug|x64 = Debug|x64
		Debug|x86 = Debug|x86
		Release|Any CPU = Release|Any CPU
		Release|ARM = Release|ARM
		Release|ARM64 = Release|ARM64
		Release|x64 = Release|x64
		Release|x86 = Release|x86
	EndGlobalSection
	GlobalSection(ProjectConfigurationPlatforms) = postSolution
		{32166198-88E2-4374-8C90-EB8BE083CCA7}.Debug|Any CPU.ActiveCfg = Debug|Any CPU
		{32166198-88E2-4374-8C90-EB8BE083CCA7}.Debug|Any CPU.Build.0 = Debug|Any CPU
		{32166198-88E2-4374-8C90-EB8BE083CCA7}.Debug|ARM.ActiveCfg = Debug|Any CPU
		{32166198-88E2-4374-8C90-EB8BE083CCA7}.Debug|ARM.Build.0 = Debug|Any CPU
		{32166198-88E2-4374-8C90-EB8BE083CCA7}.Debug|ARM64.ActiveCfg = Debug|Any CPU
		{32166198-88E2-4374-8C90-EB8BE083CCA7}.Debug|ARM64.Build.0 = Debug|Any CPU
		{32166198-88E2-4374-8C90-EB8BE083CCA7}.Debug|x64.ActiveCfg = Debug|Any CPU
		{32166198-88E2-4374-8C90-EB8BE083CCA7}.Debug|x64.Build.0 = Debug|Any CPU
		{32166198-88E2-4374-8C90-EB8BE083CCA7}.Debug|x86.ActiveCfg = Debug|Any CPU
		{32166198-88E2-4374-8C90-EB8BE083CCA7}.Debug|x86.Build.0 = Debug|Any CPU
		{32166198-88E2-4374-8C90-EB8BE083CCA7}.Release|Any CPU.ActiveCfg = Release|Any CPU
		{32166198-88E2-4374-8C90-EB8BE083CCA7}.Release|Any CPU.Build.0 = Release|Any CPU
		{32166198-88E2-4374-8C90-EB8BE083CCA7}.Release|ARM.ActiveCfg = Release|Any CPU
		{32166198-88E2-4374-8C90-EB8BE083CCA7}.Release|ARM.Build.0 = Release|Any CPU
		{32166198-88E2-4374-8C90-EB8BE083CCA7}.Release|ARM64.ActiveCfg = Release|Any CPU
		{32166198-88E2-4374-8C90-EB8BE083CCA7}.Release|ARM64.Build.0 = Release|Any CPU
		{32166198-88E2-4374-8C90-EB8BE083CCA7}.Release|x64.ActiveCfg = Release|Any CPU
		{32166198-88E2-4374-8C90-EB8BE083CCA7}.Release|x64.Build.0 = Release|Any CPU
		{32166198-88E2-4374-8C90-EB8BE083CCA7}.Release|x86.ActiveCfg = Release|Any CPU
		{32166198-88E2-4374-8C90-EB8BE083CCA7}.Release|x86.Build.0 = Release|Any CPU
		{7CB15CF8-A1AB-4FCA-AF0E-FA2CABF15B20}.Debug|Any CPU.ActiveCfg = Debug|Any CPU
		{7CB15CF8-A1AB-4FCA-AF0E-FA2CABF15B20}.Debug|Any CPU.Build.0 = Debug|Any CPU
		{7CB15CF8-A1AB-4FCA-AF0E-FA2CABF15B20}.Debug|ARM.ActiveCfg = Debug|Any CPU
		{7CB15CF8-A1AB-4FCA-AF0E-FA2CABF15B20}.Debug|ARM.Build.0 = Debug|Any CPU
		{7CB15CF8-A1AB-4FCA-AF0E-FA2CABF15B20}.Debug|ARM64.ActiveCfg = Debug|Any CPU
		{7CB15CF8-A1AB-4FCA-AF0E-FA2CABF15B20}.Debug|ARM64.Build.0 = Debug|Any CPU
		{7CB15CF8-A1AB-4FCA-AF0E-FA2CABF15B20}.Debug|x64.ActiveCfg = Debug|Any CPU
		{7CB15CF8-A1AB-4FCA-AF0E-FA2CABF15B20}.Debug|x64.Build.0 = Debug|Any CPU
		{7CB15CF8-A1AB-4FCA-AF0E-FA2CABF15B20}.Debug|x86.ActiveCfg = Debug|Any CPU
		{7CB15CF8-A1AB-4FCA-AF0E-FA2CABF15B20}.Debug|x86.Build.0 = Debug|Any CPU
		{7CB15CF8-A1AB-4FCA-AF0E-FA2CABF15B20}.Release|Any CPU.ActiveCfg = Release|Any CPU
		{7CB15CF8-A1AB-4FCA-AF0E-FA2CABF15B20}.Release|Any CPU.Build.0 = Release|Any CPU
		{7CB15CF8-A1AB-4FCA-AF0E-FA2CABF15B20}.Release|ARM.ActiveCfg = Release|Any CPU
		{7CB15CF8-A1AB-4FCA-AF0E-FA2CABF15B20}.Release|ARM.Build.0 = Release|Any CPU
		{7CB15CF8-A1AB-4FCA-AF0E-FA2CABF15B20}.Release|ARM64.ActiveCfg = Release|Any CPU
		{7CB15CF8-A1AB-4FCA-AF0E-FA2CABF15B20}.Release|ARM64.Build.0 = Release|Any CPU
		{7CB15CF8-A1AB-4FCA-AF0E-FA2CABF15B20}.Release|x64.ActiveCfg = Release|Any CPU
		{7CB15CF8-A1AB-4FCA-AF0E-FA2CABF15B20}.Release|x64.Build.0 = Release|Any CPU
		{7CB15CF8-A1AB-4FCA-AF0E-FA2CABF15B20}.Release|x86.ActiveCfg = Release|Any CPU
		{7CB15CF8-A1AB-4FCA-AF0E-FA2CABF15B20}.Release|x86.Build.0 = Release|Any CPU
		{CA977F4D-80CD-4632-A44F-08CEB8AB8C48}.Debug|Any CPU.ActiveCfg = Debug|Any CPU
		{CA977F4D-80CD-4632-A44F-08CEB8AB8C48}.Debug|Any CPU.Build.0 = Debug|Any CPU
		{CA977F4D-80CD-4632-A44F-08CEB8AB8C48}.Debug|ARM.ActiveCfg = Debug|Any CPU
		{CA977F4D-80CD-4632-A44F-08CEB8AB8C48}.Debug|ARM.Build.0 = Debug|Any CPU
		{CA977F4D-80CD-4632-A44F-08CEB8AB8C48}.Debug|ARM64.ActiveCfg = Debug|Any CPU
		{CA977F4D-80CD-4632-A44F-08CEB8AB8C48}.Debug|ARM64.Build.0 = Debug|Any CPU
		{CA977F4D-80CD-4632-A44F-08CEB8AB8C48}.Debug|x64.ActiveCfg = Debug|Any CPU
		{CA977F4D-80CD-4632-A44F-08CEB8AB8C48}.Debug|x64.Build.0 = Debug|Any CPU
		{CA977F4D-80CD-4632-A44F-08CEB8AB8C48}.Debug|x86.ActiveCfg = Debug|Any CPU
		{CA977F4D-80CD-4632-A44F-08CEB8AB8C48}.Debug|x86.Build.0 = Debug|Any CPU
		{CA977F4D-80CD-4632-A44F-08CEB8AB8C48}.Release|Any CPU.ActiveCfg = Release|Any CPU
		{CA977F4D-80CD-4632-A44F-08CEB8AB8C48}.Release|Any CPU.Build.0 = Release|Any CPU
		{CA977F4D-80CD-4632-A44F-08CEB8AB8C48}.Release|ARM.ActiveCfg = Release|Any CPU
		{CA977F4D-80CD-4632-A44F-08CEB8AB8C48}.Release|ARM.Build.0 = Release|Any CPU
		{CA977F4D-80CD-4632-A44F-08CEB8AB8C48}.Release|ARM64.ActiveCfg = Release|Any CPU
		{CA977F4D-80CD-4632-A44F-08CEB8AB8C48}.Release|ARM64.Build.0 = Release|Any CPU
		{CA977F4D-80CD-4632-A44F-08CEB8AB8C48}.Release|x64.ActiveCfg = Release|Any CPU
		{CA977F4D-80CD-4632-A44F-08CEB8AB8C48}.Release|x64.Build.0 = Release|Any CPU
		{CA977F4D-80CD-4632-A44F-08CEB8AB8C48}.Release|x86.ActiveCfg = Release|Any CPU
		{CA977F4D-80CD-4632-A44F-08CEB8AB8C48}.Release|x86.Build.0 = Release|Any CPU
	EndGlobalSection
	GlobalSection(SolutionProperties) = preSolution
		HideSolutionNode = FALSE
	EndGlobalSection
	GlobalSection(ExtensibilityGlobals) = postSolution
		SolutionGuid = {62C4324F-886B-46BE-B409-F338038D338F}
	EndGlobalSection
EndGlobal
